
Microsoft Visual Studio Solution File, Format Version 12.00
# Visual Studio Version 17
VisualStudioVersion = 17.2.32602.215
MinimumVisualStudioVersion = 10.0.40219.1
Project("{FAE04EC0-301F-11D3-BF4B-00C04F79EFBC}") = "MongoMembership.Tests", "MongoMembership.Tests\MongoMembership.Tests.csproj", "{2F8CAAD4-2CE2-44BD-A9FF-2E8A171A0757}"
EndProject
Project("{FAE04EC0-301F-11D3-BF4B-00C04F79EFBC}") = "MongoMembership.Web", "MongoMembership.Web\MongoMembership.Web.csproj", "{74BF06C8-B88F-4371-B6BD-B2E400BCA4FD}"
EndProject
Project("{FAE04EC0-301F-11D3-BF4B-00C04F79EFBC}") = "MongoMembership", "MongoMembership\MongoMembership.csproj", "{5FAC9E68-B848-4B2C-B5EF-86349661C5C3}"
EndProject
Project("{2150E333-8FDC-42A3-9474-1A3956D46DE8}") = "Shared", "Shared", "{1E84310A-B8D8-4824-848F-A0C7741843A6}"
	ProjectSection(SolutionItems) = preProject
		Shared\Build.targets = Shared\Build.targets
		Shared\GlobalAssemblyInfo.cs = Shared\GlobalAssemblyInfo.cs
	EndProjectSection
EndProject
Global
	GlobalSection(SolutionConfigurationPlatforms) = preSolution
		Debug|Any CPU = Debug|Any CPU
		Release|Any CPU = Release|Any CPU
	EndGlobalSection
	GlobalSection(ProjectConfigurationPlatforms) = postSolution
		{2F8CAAD4-2CE2-44BD-A9FF-2E8A171A0757}.Debug|Any CPU.ActiveCfg = Debug|Any CPU
		{2F8CAAD4-2CE2-44BD-A9FF-2E8A171A0757}.Debug|Any CPU.Build.0 = Debug|Any CPU
		{2F8CAAD4-2CE2-44BD-A9FF-2E8A171A0757}.Release|Any CPU.ActiveCfg = Release|Any CPU
		{2F8CAAD4-2CE2-44BD-A9FF-2E8A171A0757}.Release|Any CPU.Build.0 = Release|Any CPU
		{74BF06C8-B88F-4371-B6BD-B2E400BCA4FD}.Debug|Any CPU.ActiveCfg = Debug|Any CPU
		{74BF06C8-B88F-4371-B6BD-B2E400BCA4FD}.Debug|Any CPU.Build.0 = Debug|Any CPU
		{74BF06C8-B88F-4371-B6BD-B2E400BCA4FD}.Release|Any CPU.ActiveCfg = Release|Any CPU
		{74BF06C8-B88F-4371-B6BD-B2E400BCA4FD}.Release|Any CPU.Build.0 = Release|Any CPU
		{5FAC9E68-B848-4B2C-B5EF-86349661C5C3}.Debug|Any CPU.ActiveCfg = Debug|Any CPU
		{5FAC9E68-B848-4B2C-B5EF-86349661C5C3}.Debug|Any CPU.Build.0 = Debug|Any CPU
		{5FAC9E68-B848-4B2C-B5EF-86349661C5C3}.Release|Any CPU.ActiveCfg = Release|Any CPU
		{5FAC9E68-B848-4B2C-B5EF-86349661C5C3}.Release|Any CPU.Build.0 = Release|Any CPU
	EndGlobalSection
	GlobalSection(SolutionProperties) = preSolution
		HideSolutionNode = FALSE
	EndGlobalSection
EndGlobal
