
Microsoft Visual Studio Solution File, Format Version 11.00
# Visual Studio 2010
Project("{FAE04EC0-301F-11D3-BF4B-00C04F79EFBC}") = "MongoAccounting", "MongoAccounting\MongoAccounting.csproj", "{7CCBAA95-232D-4F1E-A29F-F2168D18AED3}"
EndProject
Global
	GlobalSection(SolutionConfigurationPlatforms) = preSolution
		Debug|Any CPU = Debug|Any CPU
		Release|Any CPU = Release|Any CPU
	EndGlobalSection
	GlobalSection(ProjectConfigurationPlatforms) = postSolution
		{7CCBAA95-232D-4F1E-A29F-F2168D18AED3}.Debug|Any CPU.ActiveCfg = Debug|Any CPU
		{7CCBAA95-232D-4F1E-A29F-F2168D18AED3}.Debug|Any CPU.Build.0 = Debug|Any CPU
		{7CCBAA95-232D-4F1E-A29F-F2168D18AED3}.Release|Any CPU.ActiveCfg = Release|Any CPU
		{7CCBAA95-232D-4F1E-A29F-F2168D18AED3}.Release|Any CPU.Build.0 = Release|Any CPU
	EndGlobalSection
	GlobalSection(SolutionProperties) = preSolution
		HideSolutionNode = FALSE
	EndGlobalSection
EndGlobal
